// !$*UTF8*$!
{
	archiveVersion = 1;
	classes = {
	};
	objectVersion = 46;
	objects = {

/* Begin PBXBuildFile section */
		066AD738610829B4B1BBD6C7 /* Pods_CocoaConf.framework in Frameworks */ = {isa = PBXBuildFile; fileRef = CC7714A4BBAF0EB9973A5C74 /* Pods_CocoaConf.framework */; };
		1FC58C8C1CDD0DD300C6C8B4 /* example0_after.rtf in Resources */ = {isa = PBXBuildFile; fileRef = 1FC58C801CDD0DD300C6C8B4 /* example0_after.rtf */; };
		1FC58C8D1CDD0DD300C6C8B4 /* example0_before.rtf in Resources */ = {isa = PBXBuildFile; fileRef = 1FC58C811CDD0DD300C6C8B4 /* example0_before.rtf */; };
		1FC58C8E1CDD0DD300C6C8B4 /* example1_after.rtf in Resources */ = {isa = PBXBuildFile; fileRef = 1FC58C821CDD0DD300C6C8B4 /* example1_after.rtf */; };
		1FC58C8F1CDD0DD300C6C8B4 /* example1_before.rtf in Resources */ = {isa = PBXBuildFile; fileRef = 1FC58C831CDD0DD300C6C8B4 /* example1_before.rtf */; };
		1FC58C901CDD0DD300C6C8B4 /* example2_after.rtf in Resources */ = {isa = PBXBuildFile; fileRef = 1FC58C841CDD0DD300C6C8B4 /* example2_after.rtf */; };
		1FC58C911CDD0DD300C6C8B4 /* example2_before.rtf in Resources */ = {isa = PBXBuildFile; fileRef = 1FC58C851CDD0DD300C6C8B4 /* example2_before.rtf */; };
		1FC58C921CDD0DD300C6C8B4 /* example3_after.rtf in Resources */ = {isa = PBXBuildFile; fileRef = 1FC58C861CDD0DD300C6C8B4 /* example3_after.rtf */; };
		1FC58C931CDD0DD300C6C8B4 /* example3_before.rtf in Resources */ = {isa = PBXBuildFile; fileRef = 1FC58C871CDD0DD300C6C8B4 /* example3_before.rtf */; };
		1FC58C961CDD0DD300C6C8B4 /* example4_before.rtf in Resources */ = {isa = PBXBuildFile; fileRef = 1FC58C8A1CDD0DD300C6C8B4 /* example4_before.rtf */; };
		1FC58C971CDD0DD300C6C8B4 /* example4_after.rtf in Resources */ = {isa = PBXBuildFile; fileRef = 1FC58C8B1CDD0DD300C6C8B4 /* example4_after.rtf */; };
		1FC58C9A1CDD104E00C6C8B4 /* example5_after.rtf in Resources */ = {isa = PBXBuildFile; fileRef = 1FC58C981CDD104E00C6C8B4 /* example5_after.rtf */; };
		1FC58C9B1CDD104E00C6C8B4 /* example5_before.rtf in Resources */ = {isa = PBXBuildFile; fileRef = 1FC58C991CDD104E00C6C8B4 /* example5_before.rtf */; };
		1FC58C9D1CDD119F00C6C8B4 /* C4SiteController.swift in Sources */ = {isa = PBXBuildFile; fileRef = 1FC58C9C1CDD119F00C6C8B4 /* C4SiteController.swift */; };
		1FC58C9F1CDD138F00C6C8B4 /* HaloViewController.swift in Sources */ = {isa = PBXBuildFile; fileRef = 1FC58C9E1CDD138F00C6C8B4 /* HaloViewController.swift */; };
		1FC58CA31CDD14BB00C6C8B4 /* MOViewController.swift in Sources */ = {isa = PBXBuildFile; fileRef = 1FC58CA21CDD14BB00C6C8B4 /* MOViewController.swift */; };
		1FC58CA71CDD153700C6C8B4 /* C4StudioViewController.swift in Sources */ = {isa = PBXBuildFile; fileRef = 1FC58CA61CDD153700C6C8B4 /* C4StudioViewController.swift */; };
		1FC58CA91CDD1CD600C6C8B4 /* CosmosViewController.swift in Sources */ = {isa = PBXBuildFile; fileRef = 1FC58CA81CDD1CD600C6C8B4 /* CosmosViewController.swift */; };
		1FC58CAD1CDD1E1D00C6C8B4 /* C4StudioMovieViewController.swift in Sources */ = {isa = PBXBuildFile; fileRef = 1FC58CAC1CDD1E1D00C6C8B4 /* C4StudioMovieViewController.swift */; };
		610E3F371CD03E8000792C16 /* AppDelegate.swift in Sources */ = {isa = PBXBuildFile; fileRef = 610E3F361CD03E8000792C16 /* AppDelegate.swift */; };
		610E3F391CD03E8000792C16 /* MainViewController.swift in Sources */ = {isa = PBXBuildFile; fileRef = 610E3F381CD03E8000792C16 /* MainViewController.swift */; };
		610E3F3C1CD03E8000792C16 /* Main.storyboard in Resources */ = {isa = PBXBuildFile; fileRef = 610E3F3A1CD03E8000792C16 /* Main.storyboard */; };
		610E3F3E1CD03E8000792C16 /* Assets.xcassets in Resources */ = {isa = PBXBuildFile; fileRef = 610E3F3D1CD03E8000792C16 /* Assets.xcassets */; };
		610E3F411CD03E8000792C16 /* LaunchScreen.storyboard in Resources */ = {isa = PBXBuildFile; fileRef = 610E3F3F1CD03E8000792C16 /* LaunchScreen.storyboard */; };
		610E3F5E1CD065B300792C16 /* IntroViewController.swift in Sources */ = {isa = PBXBuildFile; fileRef = 610E3F5D1CD065B300792C16 /* IntroViewController.swift */; };
		610E3F601CD0761500792C16 /* WhatViewController.swift in Sources */ = {isa = PBXBuildFile; fileRef = 610E3F5F1CD0761500792C16 /* WhatViewController.swift */; };
		610E3F671CD149E900792C16 /* HowViewController.swift in Sources */ = {isa = PBXBuildFile; fileRef = 610E3F661CD149E900792C16 /* HowViewController.swift */; };
		61CCD64A1CDD3DD700F18FB1 /* C4Studio.mov in Resources */ = {isa = PBXBuildFile; fileRef = 61CCD6461CDD3DD700F18FB1 /* C4Studio.mov */; };
		61CCD64B1CDD3DD700F18FB1 /* cosmos.mp4 in Resources */ = {isa = PBXBuildFile; fileRef = 61CCD6471CDD3DD700F18FB1 /* cosmos.mp4 */; };
		61CCD64C1CDD3DD700F18FB1 /* halo.mp4 in Resources */ = {isa = PBXBuildFile; fileRef = 61CCD6481CDD3DD700F18FB1 /* halo.mp4 */; };
		61CCD64D1CDD3DD700F18FB1 /* mo.mp4 in Resources */ = {isa = PBXBuildFile; fileRef = 61CCD6491CDD3DD700F18FB1 /* mo.mp4 */; };
/* End PBXBuildFile section */

/* Begin PBXCopyFilesBuildPhase section */
		610E3F5A1CD03E9F00792C16 /* Embed Frameworks */ = {
			isa = PBXCopyFilesBuildPhase;
			buildActionMask = 2147483647;
			dstPath = "";
			dstSubfolderSpec = 10;
			files = (
			);
			name = "Embed Frameworks";
			runOnlyForDeploymentPostprocessing = 0;
		};
/* End PBXCopyFilesBuildPhase section */

/* Begin PBXFileReference section */
		1FC58C801CDD0DD300C6C8B4 /* example0_after.rtf */ = {isa = PBXFileReference; fileEncoding = 4; lastKnownFileType = text.rtf; path = example0_after.rtf; sourceTree = "<group>"; };
		1FC58C811CDD0DD300C6C8B4 /* example0_before.rtf */ = {isa = PBXFileReference; fileEncoding = 4; lastKnownFileType = text.rtf; path = example0_before.rtf; sourceTree = "<group>"; };
		1FC58C821CDD0DD300C6C8B4 /* example1_after.rtf */ = {isa = PBXFileReference; fileEncoding = 4; lastKnownFileType = text.rtf; path = example1_after.rtf; sourceTree = "<group>"; };
		1FC58C831CDD0DD300C6C8B4 /* example1_before.rtf */ = {isa = PBXFileReference; fileEncoding = 4; lastKnownFileType = text.rtf; path = example1_before.rtf; sourceTree = "<group>"; };
		1FC58C841CDD0DD300C6C8B4 /* example2_after.rtf */ = {isa = PBXFileReference; fileEncoding = 4; lastKnownFileType = text.rtf; path = example2_after.rtf; sourceTree = "<group>"; };
		1FC58C851CDD0DD300C6C8B4 /* example2_before.rtf */ = {isa = PBXFileReference; fileEncoding = 4; lastKnownFileType = text.rtf; path = example2_before.rtf; sourceTree = "<group>"; };
		1FC58C861CDD0DD300C6C8B4 /* example3_after.rtf */ = {isa = PBXFileReference; fileEncoding = 4; lastKnownFileType = text.rtf; path = example3_after.rtf; sourceTree = "<group>"; };
		1FC58C871CDD0DD300C6C8B4 /* example3_before.rtf */ = {isa = PBXFileReference; fileEncoding = 4; lastKnownFileType = text.rtf; path = example3_before.rtf; sourceTree = "<group>"; };
		1FC58C8A1CDD0DD300C6C8B4 /* example4_before.rtf */ = {isa = PBXFileReference; fileEncoding = 4; lastKnownFileType = text.rtf; path = example4_before.rtf; sourceTree = "<group>"; };
		1FC58C8B1CDD0DD300C6C8B4 /* example4_after.rtf */ = {isa = PBXFileReference; fileEncoding = 4; lastKnownFileType = text.rtf; path = example4_after.rtf; sourceTree = "<group>"; };
		1FC58C981CDD104E00C6C8B4 /* example5_after.rtf */ = {isa = PBXFileReference; fileEncoding = 4; lastKnownFileType = text.rtf; path = example5_after.rtf; sourceTree = "<group>"; };
		1FC58C991CDD104E00C6C8B4 /* example5_before.rtf */ = {isa = PBXFileReference; fileEncoding = 4; lastKnownFileType = text.rtf; path = example5_before.rtf; sourceTree = "<group>"; };
		1FC58C9C1CDD119F00C6C8B4 /* C4SiteController.swift */ = {isa = PBXFileReference; fileEncoding = 4; lastKnownFileType = sourcecode.swift; path = C4SiteController.swift; sourceTree = "<group>"; };
		1FC58C9E1CDD138F00C6C8B4 /* HaloViewController.swift */ = {isa = PBXFileReference; fileEncoding = 4; lastKnownFileType = sourcecode.swift; path = HaloViewController.swift; sourceTree = "<group>"; };
		1FC58CA21CDD14BB00C6C8B4 /* MOViewController.swift */ = {isa = PBXFileReference; fileEncoding = 4; lastKnownFileType = sourcecode.swift; path = MOViewController.swift; sourceTree = "<group>"; };
		1FC58CA61CDD153700C6C8B4 /* C4StudioViewController.swift */ = {isa = PBXFileReference; fileEncoding = 4; lastKnownFileType = sourcecode.swift; path = C4StudioViewController.swift; sourceTree = "<group>"; };
		1FC58CA81CDD1CD600C6C8B4 /* CosmosViewController.swift */ = {isa = PBXFileReference; fileEncoding = 4; lastKnownFileType = sourcecode.swift; path = CosmosViewController.swift; sourceTree = "<group>"; };
		1FC58CAC1CDD1E1D00C6C8B4 /* C4StudioMovieViewController.swift */ = {isa = PBXFileReference; fileEncoding = 4; lastKnownFileType = sourcecode.swift; path = C4StudioMovieViewController.swift; sourceTree = "<group>"; };
		50EA44FE7CA7703471703ECB /* Pods-CocoaConf.release.xcconfig */ = {isa = PBXFileReference; includeInIndex = 1; lastKnownFileType = text.xcconfig; name = "Pods-CocoaConf.release.xcconfig"; path = "Pods/Target Support Files/Pods-CocoaConf/Pods-CocoaConf.release.xcconfig"; sourceTree = "<group>"; };
		610E3F331CD03E8000792C16 /* CocoaConf.app */ = {isa = PBXFileReference; explicitFileType = wrapper.application; includeInIndex = 0; path = CocoaConf.app; sourceTree = BUILT_PRODUCTS_DIR; };
		610E3F361CD03E8000792C16 /* AppDelegate.swift */ = {isa = PBXFileReference; lastKnownFileType = sourcecode.swift; path = AppDelegate.swift; sourceTree = "<group>"; };
		610E3F381CD03E8000792C16 /* MainViewController.swift */ = {isa = PBXFileReference; lastKnownFileType = sourcecode.swift; path = MainViewController.swift; sourceTree = "<group>"; };
		610E3F3B1CD03E8000792C16 /* Base */ = {isa = PBXFileReference; lastKnownFileType = file.storyboard; name = Base; path = Base.lproj/Main.storyboard; sourceTree = "<group>"; };
		610E3F3D1CD03E8000792C16 /* Assets.xcassets */ = {isa = PBXFileReference; lastKnownFileType = folder.assetcatalog; path = Assets.xcassets; sourceTree = "<group>"; };
		610E3F401CD03E8000792C16 /* Base */ = {isa = PBXFileReference; lastKnownFileType = file.storyboard; name = Base; path = Base.lproj/LaunchScreen.storyboard; sourceTree = "<group>"; };
		610E3F421CD03E8000792C16 /* Info.plist */ = {isa = PBXFileReference; lastKnownFileType = text.plist.xml; path = Info.plist; sourceTree = "<group>"; };
		610E3F5D1CD065B300792C16 /* IntroViewController.swift */ = {isa = PBXFileReference; fileEncoding = 4; lastKnownFileType = sourcecode.swift; path = IntroViewController.swift; sourceTree = "<group>"; };
		610E3F5F1CD0761500792C16 /* WhatViewController.swift */ = {isa = PBXFileReference; fileEncoding = 4; lastKnownFileType = sourcecode.swift; path = WhatViewController.swift; sourceTree = "<group>"; };
		610E3F661CD149E900792C16 /* HowViewController.swift */ = {isa = PBXFileReference; fileEncoding = 4; lastKnownFileType = sourcecode.swift; path = HowViewController.swift; sourceTree = "<group>"; };
		61CCD6461CDD3DD700F18FB1 /* C4Studio.mov */ = {isa = PBXFileReference; lastKnownFileType = video.quicktime; path = C4Studio.mov; sourceTree = "<group>"; };
		61CCD6471CDD3DD700F18FB1 /* cosmos.mp4 */ = {isa = PBXFileReference; lastKnownFileType = file; path = cosmos.mp4; sourceTree = "<group>"; };
		61CCD6481CDD3DD700F18FB1 /* halo.mp4 */ = {isa = PBXFileReference; lastKnownFileType = file; path = halo.mp4; sourceTree = "<group>"; };
		61CCD6491CDD3DD700F18FB1 /* mo.mp4 */ = {isa = PBXFileReference; lastKnownFileType = file; path = mo.mp4; sourceTree = "<group>"; };
		AB15FC898FD72B685D96099E /* Pods-CocoaConf.debug.xcconfig */ = {isa = PBXFileReference; includeInIndex = 1; lastKnownFileType = text.xcconfig; name = "Pods-CocoaConf.debug.xcconfig"; path = "Pods/Target Support Files/Pods-CocoaConf/Pods-CocoaConf.debug.xcconfig"; sourceTree = "<group>"; };
		CC7714A4BBAF0EB9973A5C74 /* Pods_CocoaConf.framework */ = {isa = PBXFileReference; explicitFileType = wrapper.framework; includeInIndex = 0; path = Pods_CocoaConf.framework; sourceTree = BUILT_PRODUCTS_DIR; };
/* End PBXFileReference section */

/* Begin PBXFrameworksBuildPhase section */
		610E3F301CD03E8000792C16 /* Frameworks */ = {
			isa = PBXFrameworksBuildPhase;
			buildActionMask = 2147483647;
			files = (
				066AD738610829B4B1BBD6C7 /* Pods_CocoaConf.framework in Frameworks */,
			);
			runOnlyForDeploymentPostprocessing = 0;
		};
/* End PBXFrameworksBuildPhase section */

/* Begin PBXGroup section */
		20C1B7BB31303EE9BD04EA65 /* Pods */ = {
			isa = PBXGroup;
			children = (
				AB15FC898FD72B685D96099E /* Pods-CocoaConf.debug.xcconfig */,
				50EA44FE7CA7703471703ECB /* Pods-CocoaConf.release.xcconfig */,
			);
			name = Pods;
			sourceTree = "<group>";
		};
		610E3F2A1CD03E8000792C16 = {
			isa = PBXGroup;
			children = (
				6131C37D1CD1550700F04650 /* Resources */,
				610E3F351CD03E8000792C16 /* CocoaConf */,
				610E3F341CD03E8000792C16 /* Products */,
				20C1B7BB31303EE9BD04EA65 /* Pods */,
				E3D3396C6D40203177849A72 /* Frameworks */,
			);
			sourceTree = "<group>";
		};
		610E3F341CD03E8000792C16 /* Products */ = {
			isa = PBXGroup;
			children = (
				610E3F331CD03E8000792C16 /* CocoaConf.app */,
			);
			name = Products;
			sourceTree = "<group>";
		};
		610E3F351CD03E8000792C16 /* CocoaConf */ = {
			isa = PBXGroup;
			children = (
				610E3F361CD03E8000792C16 /* AppDelegate.swift */,
				610E3F3A1CD03E8000792C16 /* Main.storyboard */,
				610E3F3D1CD03E8000792C16 /* Assets.xcassets */,
				610E3F3F1CD03E8000792C16 /* LaunchScreen.storyboard */,
				610E3F421CD03E8000792C16 /* Info.plist */,
				610E3F381CD03E8000792C16 /* MainViewController.swift */,
				610E3F5D1CD065B300792C16 /* IntroViewController.swift */,
				610E3F5F1CD0761500792C16 /* WhatViewController.swift */,
				610E3F661CD149E900792C16 /* HowViewController.swift */,
				1FC58C9C1CDD119F00C6C8B4 /* C4SiteController.swift */,
				1FC58C9E1CDD138F00C6C8B4 /* HaloViewController.swift */,
				1FC58CA21CDD14BB00C6C8B4 /* MOViewController.swift */,
				1FC58CA81CDD1CD600C6C8B4 /* CosmosViewController.swift */,
				1FC58CA61CDD153700C6C8B4 /* C4StudioViewController.swift */,
				1FC58CAC1CDD1E1D00C6C8B4 /* C4StudioMovieViewController.swift */,
			);
			path = CocoaConf;
			sourceTree = "<group>";
		};
		6131C37D1CD1550700F04650 /* Resources */ = {
			isa = PBXGroup;
			children = (
				61CCD6461CDD3DD700F18FB1 /* C4Studio.mov */,
				61CCD6471CDD3DD700F18FB1 /* cosmos.mp4 */,
				61CCD6481CDD3DD700F18FB1 /* halo.mp4 */,
				61CCD6491CDD3DD700F18FB1 /* mo.mp4 */,
				1FC58C801CDD0DD300C6C8B4 /* example0_after.rtf */,
				1FC58C811CDD0DD300C6C8B4 /* example0_before.rtf */,
				1FC58C821CDD0DD300C6C8B4 /* example1_after.rtf */,
				1FC58C831CDD0DD300C6C8B4 /* example1_before.rtf */,
				1FC58C841CDD0DD300C6C8B4 /* example2_after.rtf */,
				1FC58C851CDD0DD300C6C8B4 /* example2_before.rtf */,
				1FC58C861CDD0DD300C6C8B4 /* example3_after.rtf */,
				1FC58C871CDD0DD300C6C8B4 /* example3_before.rtf */,
				1FC58C8A1CDD0DD300C6C8B4 /* example4_before.rtf */,
				1FC58C8B1CDD0DD300C6C8B4 /* example4_after.rtf */,
				1FC58C981CDD104E00C6C8B4 /* example5_after.rtf */,
				1FC58C991CDD104E00C6C8B4 /* example5_before.rtf */,
			);
			path = Resources;
			sourceTree = "<group>";
		};
		E3D3396C6D40203177849A72 /* Frameworks */ = {
			isa = PBXGroup;
			children = (
				CC7714A4BBAF0EB9973A5C74 /* Pods_CocoaConf.framework */,
			);
			name = Frameworks;
			sourceTree = "<group>";
		};
/* End PBXGroup section */

/* Begin PBXNativeTarget section */
		610E3F321CD03E8000792C16 /* CocoaConf */ = {
			isa = PBXNativeTarget;
			buildConfigurationList = 610E3F451CD03E8000792C16 /* Build configuration list for PBXNativeTarget "CocoaConf" */;
			buildPhases = (
				106A3D14FACC10B85E514408 /* 📦 Check Pods Manifest.lock */,
				610E3F2F1CD03E8000792C16 /* Sources */,
				610E3F301CD03E8000792C16 /* Frameworks */,
				610E3F311CD03E8000792C16 /* Resources */,
				610E3F5A1CD03E9F00792C16 /* Embed Frameworks */,
				A81169875781D7A2E3ADD57B /* 📦 Embed Pods Frameworks */,
				3F05220FD805149884FE5B32 /* 📦 Copy Pods Resources */,
			);
			buildRules = (
			);
			dependencies = (
			);
			name = CocoaConf;
			productName = CocoaConf;
			productReference = 610E3F331CD03E8000792C16 /* CocoaConf.app */;
			productType = "com.apple.product-type.application";
		};
/* End PBXNativeTarget section */

/* Begin PBXProject section */
		610E3F2B1CD03E8000792C16 /* Project object */ = {
			isa = PBXProject;
			attributes = {
				LastSwiftUpdateCheck = 0730;
				LastUpgradeCheck = 0730;
				ORGANIZATIONNAME = "JABT Labs";
				TargetAttributes = {
					610E3F321CD03E8000792C16 = {
						CreatedOnToolsVersion = 7.3.1;
					};
				};
			};
			buildConfigurationList = 610E3F2E1CD03E8000792C16 /* Build configuration list for PBXProject "CocoaConf" */;
			compatibilityVersion = "Xcode 3.2";
			developmentRegion = English;
			hasScannedForEncodings = 0;
			knownRegions = (
				en,
				Base,
			);
			mainGroup = 610E3F2A1CD03E8000792C16;
			productRefGroup = 610E3F341CD03E8000792C16 /* Products */;
			projectDirPath = "";
			projectRoot = "";
			targets = (
				610E3F321CD03E8000792C16 /* CocoaConf */,
			);
		};
/* End PBXProject section */

/* Begin PBXResourcesBuildPhase section */
		610E3F311CD03E8000792C16 /* Resources */ = {
			isa = PBXResourcesBuildPhase;
			buildActionMask = 2147483647;
			files = (
				1FC58C961CDD0DD300C6C8B4 /* example4_before.rtf in Resources */,
				610E3F411CD03E8000792C16 /* LaunchScreen.storyboard in Resources */,
				1FC58C9A1CDD104E00C6C8B4 /* example5_after.rtf in Resources */,
				1FC58C8F1CDD0DD300C6C8B4 /* example1_before.rtf in Resources */,
				1FC58C931CDD0DD300C6C8B4 /* example3_before.rtf in Resources */,
				1FC58C911CDD0DD300C6C8B4 /* example2_before.rtf in Resources */,
				1FC58C8C1CDD0DD300C6C8B4 /* example0_after.rtf in Resources */,
				61CCD64C1CDD3DD700F18FB1 /* halo.mp4 in Resources */,
				1FC58C971CDD0DD300C6C8B4 /* example4_after.rtf in Resources */,
				61CCD64D1CDD3DD700F18FB1 /* mo.mp4 in Resources */,
				1FC58C9B1CDD104E00C6C8B4 /* example5_before.rtf in Resources */,
				1FC58C901CDD0DD300C6C8B4 /* example2_after.rtf in Resources */,
				610E3F3E1CD03E8000792C16 /* Assets.xcassets in Resources */,
				61CCD64A1CDD3DD700F18FB1 /* C4Studio.mov in Resources */,
				1FC58C921CDD0DD300C6C8B4 /* example3_after.rtf in Resources */,
				1FC58C8D1CDD0DD300C6C8B4 /* example0_before.rtf in Resources */,
				61CCD64B1CDD3DD700F18FB1 /* cosmos.mp4 in Resources */,
				1FC58C8E1CDD0DD300C6C8B4 /* example1_after.rtf in Resources */,
				610E3F3C1CD03E8000792C16 /* Main.storyboard in Resources */,
			);
			runOnlyForDeploymentPostprocessing = 0;
		};
/* End PBXResourcesBuildPhase section */

/* Begin PBXShellScriptBuildPhase section */
		106A3D14FACC10B85E514408 /* 📦 Check Pods Manifest.lock */ = {
			isa = PBXShellScriptBuildPhase;
			buildActionMask = 2147483647;
			files = (
			);
			inputPaths = (
			);
			name = "📦 Check Pods Manifest.lock";
			outputPaths = (
			);
			runOnlyForDeploymentPostprocessing = 0;
			shellPath = /bin/sh;
			shellScript = "diff \"${PODS_ROOT}/../Podfile.lock\" \"${PODS_ROOT}/Manifest.lock\" > /dev/null\nif [[ $? != 0 ]] ; then\n    cat << EOM\nerror: The sandbox is not in sync with the Podfile.lock. Run 'pod install' or update your CocoaPods installation.\nEOM\n    exit 1\nfi\n";
			showEnvVarsInLog = 0;
		};
		3F05220FD805149884FE5B32 /* 📦 Copy Pods Resources */ = {
			isa = PBXShellScriptBuildPhase;
			buildActionMask = 2147483647;
			files = (
			);
			inputPaths = (
			);
			name = "📦 Copy Pods Resources";
			outputPaths = (
			);
			runOnlyForDeploymentPostprocessing = 0;
			shellPath = /bin/sh;
			shellScript = "\"${SRCROOT}/Pods/Target Support Files/Pods-CocoaConf/Pods-CocoaConf-resources.sh\"\n";
			showEnvVarsInLog = 0;
		};
		A81169875781D7A2E3ADD57B /* 📦 Embed Pods Frameworks */ = {
			isa = PBXShellScriptBuildPhase;
			buildActionMask = 2147483647;
			files = (
			);
			inputPaths = (
			);
			name = "📦 Embed Pods Frameworks";
			outputPaths = (
			);
			runOnlyForDeploymentPostprocessing = 0;
			shellPath = /bin/sh;
			shellScript = "\"${SRCROOT}/Pods/Target Support Files/Pods-CocoaConf/Pods-CocoaConf-frameworks.sh\"\n";
			showEnvVarsInLog = 0;
		};
/* End PBXShellScriptBuildPhase section */

/* Begin PBXSourcesBuildPhase section */
		610E3F2F1CD03E8000792C16 /* Sources */ = {
			isa = PBXSourcesBuildPhase;
			buildActionMask = 2147483647;
			files = (
				610E3F391CD03E8000792C16 /* MainViewController.swift in Sources */,
				1FC58CA71CDD153700C6C8B4 /* C4StudioViewController.swift in Sources */,
				1FC58C9D1CDD119F00C6C8B4 /* C4SiteController.swift in Sources */,
				610E3F671CD149E900792C16 /* HowViewController.swift in Sources */,
				1FC58CAD1CDD1E1D00C6C8B4 /* C4StudioMovieViewController.swift in Sources */,
				610E3F371CD03E8000792C16 /* AppDelegate.swift in Sources */,
				1FC58CA31CDD14BB00C6C8B4 /* MOViewController.swift in Sources */,
				1FC58CA91CDD1CD600C6C8B4 /* CosmosViewController.swift in Sources */,
				610E3F601CD0761500792C16 /* WhatViewController.swift in Sources */,
				1FC58C9F1CDD138F00C6C8B4 /* HaloViewController.swift in Sources */,
				610E3F5E1CD065B300792C16 /* IntroViewController.swift in Sources */,
			);
			runOnlyForDeploymentPostprocessing = 0;
		};
/* End PBXSourcesBuildPhase section */

/* Begin PBXVariantGroup section */
		610E3F3A1CD03E8000792C16 /* Main.storyboard */ = {
			isa = PBXVariantGroup;
			children = (
				610E3F3B1CD03E8000792C16 /* Base */,
			);
			name = Main.storyboard;
			sourceTree = "<group>";
		};
		610E3F3F1CD03E8000792C16 /* LaunchScreen.storyboard */ = {
			isa = PBXVariantGroup;
			children = (
				610E3F401CD03E8000792C16 /* Base */,
			);
			name = LaunchScreen.storyboard;
			sourceTree = "<group>";
		};
/* End PBXVariantGroup section */

/* Begin XCBuildConfiguration section */
		610E3F431CD03E8000792C16 /* Debug */ = {
			isa = XCBuildConfiguration;
			buildSettings = {
				ALWAYS_SEARCH_USER_PATHS = NO;
				CLANG_ANALYZER_NONNULL = YES;
				CLANG_CXX_LANGUAGE_STANDARD = "gnu++0x";
				CLANG_CXX_LIBRARY = "libc++";
				CLANG_ENABLE_MODULES = YES;
				CLANG_ENABLE_OBJC_ARC = YES;
				CLANG_WARN_BOOL_CONVERSION = YES;
				CLANG_WARN_CONSTANT_CONVERSION = YES;
				CLANG_WARN_DIRECT_OBJC_ISA_USAGE = YES_ERROR;
				CLANG_WARN_EMPTY_BODY = YES;
				CLANG_WARN_ENUM_CONVERSION = YES;
				CLANG_WARN_INT_CONVERSION = YES;
				CLANG_WARN_OBJC_ROOT_CLASS = YES_ERROR;
				CLANG_WARN_UNREACHABLE_CODE = YES;
				CLANG_WARN__DUPLICATE_METHOD_MATCH = YES;
				"CODE_SIGN_IDENTITY[sdk=iphoneos*]" = "iPhone Developer";
				COPY_PHASE_STRIP = NO;
				DEBUG_INFORMATION_FORMAT = dwarf;
				ENABLE_STRICT_OBJC_MSGSEND = YES;
				ENABLE_TESTABILITY = YES;
				GCC_C_LANGUAGE_STANDARD = gnu99;
				GCC_DYNAMIC_NO_PIC = NO;
				GCC_NO_COMMON_BLOCKS = YES;
				GCC_OPTIMIZATION_LEVEL = 0;
				GCC_PREPROCESSOR_DEFINITIONS = (
					"DEBUG=1",
					"$(inherited)",
				);
				GCC_WARN_64_TO_32_BIT_CONVERSION = YES;
				GCC_WARN_ABOUT_RETURN_TYPE = YES_ERROR;
				GCC_WARN_UNDECLARED_SELECTOR = YES;
				GCC_WARN_UNINITIALIZED_AUTOS = YES_AGGRESSIVE;
				GCC_WARN_UNUSED_FUNCTION = YES;
				GCC_WARN_UNUSED_VARIABLE = YES;
				IPHONEOS_DEPLOYMENT_TARGET = 9.3;
				MTL_ENABLE_DEBUG_INFO = YES;
				ONLY_ACTIVE_ARCH = YES;
				SDKROOT = iphoneos;
				SWIFT_OPTIMIZATION_LEVEL = "-Onone";
				TARGETED_DEVICE_FAMILY = 2;
			};
			name = Debug;
		};
		610E3F441CD03E8000792C16 /* Release */ = {
			isa = XCBuildConfiguration;
			buildSettings = {
				ALWAYS_SEARCH_USER_PATHS = NO;
				CLANG_ANALYZER_NONNULL = YES;
				CLANG_CXX_LANGUAGE_STANDARD = "gnu++0x";
				CLANG_CXX_LIBRARY = "libc++";
				CLANG_ENABLE_MODULES = YES;
				CLANG_ENABLE_OBJC_ARC = YES;
				CLANG_WARN_BOOL_CONVERSION = YES;
				CLANG_WARN_CONSTANT_CONVERSION = YES;
				CLANG_WARN_DIRECT_OBJC_ISA_USAGE = YES_ERROR;
				CLANG_WARN_EMPTY_BODY = YES;
				CLANG_WARN_ENUM_CONVERSION = YES;
				CLANG_WARN_INT_CONVERSION = YES;
				CLANG_WARN_OBJC_ROOT_CLASS = YES_ERROR;
				CLANG_WARN_UNREACHABLE_CODE = YES;
				CLANG_WARN__DUPLICATE_METHOD_MATCH = YES;
				"CODE_SIGN_IDENTITY[sdk=iphoneos*]" = "iPhone Developer";
				COPY_PHASE_STRIP = NO;
				DEBUG_INFORMATION_FORMAT = "dwarf-with-dsym";
				ENABLE_NS_ASSERTIONS = NO;
				ENABLE_STRICT_OBJC_MSGSEND = YES;
				GCC_C_LANGUAGE_STANDARD = gnu99;
				GCC_NO_COMMON_BLOCKS = YES;
				GCC_WARN_64_TO_32_BIT_CONVERSION = YES;
				GCC_WARN_ABOUT_RETURN_TYPE = YES_ERROR;
				GCC_WARN_UNDECLARED_SELECTOR = YES;
				GCC_WARN_UNINITIALIZED_AUTOS = YES_AGGRESSIVE;
				GCC_WARN_UNUSED_FUNCTION = YES;
				GCC_WARN_UNUSED_VARIABLE = YES;
				IPHONEOS_DEPLOYMENT_TARGET = 9.3;
				MTL_ENABLE_DEBUG_INFO = NO;
				SDKROOT = iphoneos;
				TARGETED_DEVICE_FAMILY = 2;
				VALIDATE_PRODUCT = YES;
			};
			name = Release;
		};
		610E3F461CD03E8000792C16 /* Debug */ = {
			isa = XCBuildConfiguration;
			baseConfigurationReference = AB15FC898FD72B685D96099E /* Pods-CocoaConf.debug.xcconfig */;
			buildSettings = {
				ASSETCATALOG_COMPILER_APPICON_NAME = AppIcon;
				INFOPLIST_FILE = CocoaConf/Info.plist;
				LD_RUNPATH_SEARCH_PATHS = "$(inherited) @executable_path/Frameworks";
				PRODUCT_BUNDLE_IDENTIFIER = com.jabt.CocoaConf;
				PRODUCT_NAME = "$(TARGET_NAME)";
			};
			name = Debug;
		};
		610E3F471CD03E8000792C16 /* Release */ = {
			isa = XCBuildConfiguration;
			baseConfigurationReference = 50EA44FE7CA7703471703ECB /* Pods-CocoaConf.release.xcconfig */;
			buildSettings = {
				ASSETCATALOG_COMPILER_APPICON_NAME = AppIcon;
				INFOPLIST_FILE = CocoaConf/Info.plist;
				LD_RUNPATH_SEARCH_PATHS = "$(inherited) @executable_path/Frameworks";
				PRODUCT_BUNDLE_IDENTIFIER = com.jabt.CocoaConf;
				PRODUCT_NAME = "$(TARGET_NAME)";
			};
			name = Release;
		};
/* End XCBuildConfiguration section */

/* Begin XCConfigurationList section */
		610E3F2E1CD03E8000792C16 /* Build configuration list for PBXProject "CocoaConf" */ = {
			isa = XCConfigurationList;
			buildConfigurations = (
				610E3F431CD03E8000792C16 /* Debug */,
				610E3F441CD03E8000792C16 /* Release */,
			);
			defaultConfigurationIsVisible = 0;
			defaultConfigurationName = Release;
		};
		610E3F451CD03E8000792C16 /* Build configuration list for PBXNativeTarget "CocoaConf" */ = {
			isa = XCConfigurationList;
			buildConfigurations = (
				610E3F461CD03E8000792C16 /* Debug */,
				610E3F471CD03E8000792C16 /* Release */,
			);
			defaultConfigurationIsVisible = 0;
			defaultConfigurationName = Release;
		};
/* End XCConfigurationList section */
	};
	rootObject = 610E3F2B1CD03E8000792C16 /* Project object */;
}
